// !$*UTF8*$!
{
	archiveVersion = 1;
	classes = {
	};
	objectVersion = 77;
	objects = {

/* Begin PBXBuildFile section */
		1F3881682EF9784000DA7724 /* Assets.xcassets in Resources */ = {isa = PBXBuildFile; fileRef = 1F38815F2EF9784000DA7724 /* Assets.xcassets */; };
		1F38816A2EF9784000DA7724 /* LaunchScreen.storyboard in Resources */ = {isa = PBXBuildFile; fileRef = 1F3881622EF9784000DA7724 /* LaunchScreen.storyboard */; };
		1F38816B2EF9784000DA7724 /* Main.storyboard in Resources */ = {isa = PBXBuildFile; fileRef = 1F3881642EF9784000DA7724 /* Main.storyboard */; };
		1F38816C2EF9784000DA7724 /* AppDelegate.swift in Sources */ = {isa = PBXBuildFile; fileRef = 1F38815E2EF9784000DA7724 /* AppDelegate.swift */; };
		1F38816D2EF9784000DA7724 /* SceneDelegate.swift in Sources */ = {isa = PBXBuildFile; fileRef = 1F3881652EF9784000DA7724 /* SceneDelegate.swift */; };
		1F38816E2EF9784000DA7724 /* ViewController.swift in Sources */ = {isa = PBXBuildFile; fileRef = 1F3881662EF9784000DA7724 /* ViewController.swift */; };
		1F3881742EF9785800DA7724 /* JsonParser.swift in Sources */ = {isa = PBXBuildFile; fileRef = 1F3881722EF9785800DA7724 /* JsonParser.swift */; };
		B9D9614C2F8F6B0E00B540DA /* QSJsonParserWatch Watch App.app in Embed Watch Content */ = {isa = PBXBuildFile; fileRef = B9D9614B2F8F6B0E00B540DA /* QSJsonParserWatch Watch App.app */; settings = {ATTRIBUTES = (RemoveHeadersOnCopy, ); }; };
/* End PBXBuildFile section */

/* Begin PBXContainerItemProxy section */
		B9D9614D2F8F6B0E00B540DA /* PBXContainerItemProxy */ = {
			isa = PBXContainerItemProxy;
			containerPortal = 1F38813E2EF9782F00DA7724 /* Project object */;
			proxyType = 1;
			remoteGlobalIDString = B9D9614A2F8F6B0E00B540DA;
			remoteInfo = "QSJsonParserWatch Watch App";
		};
/* End PBXContainerItemProxy section */

/* Begin PBXCopyFilesBuildPhase section */
		B9D961592F8F6B1000B540DA /* Embed Watch Content */ = {
			isa = PBXCopyFilesBuildPhase;
			buildActionMask = 2147483647;
			dstPath = "$(CONTENTS_FOLDER_PATH)/Watch";
			dstSubfolderSpec = 16;
			files = (
				B9D9614C2F8F6B0E00B540DA /* QSJsonParserWatch Watch App.app in Embed Watch Content */,
			);
			name = "Embed Watch Content";
			runOnlyForDeploymentPostprocessing = 0;
		};
/* End PBXCopyFilesBuildPhase section */

/* Begin PBXFileReference section */
		1F3881462EF9782F00DA7724 /* QSJsonParser.app */ = {isa = PBXFileReference; explicitFileType = wrapper.application; includeInIndex = 0; path = QSJsonParser.app; sourceTree = BUILT_PRODUCTS_DIR; };
		1F38815E2EF9784000DA7724 /* AppDelegate.swift */ = {isa = PBXFileReference; lastKnownFileType = sourcecode.swift; path = AppDelegate.swift; sourceTree = "<group>"; };
		1F38815F2EF9784000DA7724 /* Assets.xcassets */ = {isa = PBXFileReference; lastKnownFileType = folder.assetcatalog; path = Assets.xcassets; sourceTree = "<group>"; };
		1F3881602EF9784000DA7724 /* Info.plist */ = {isa = PBXFileReference; lastKnownFileType = text.plist.xml; path = Info.plist; sourceTree = "<group>"; };
		1F3881612EF9784000DA7724 /* Base */ = {isa = PBXFileReference; lastKnownFileType = file.storyboard; name = Base; path = Base.lproj/LaunchScreen.storyboard; sourceTree = "<group>"; };
		1F3881632EF9784000DA7724 /* Base */ = {isa = PBXFileReference; lastKnownFileType = file.storyboard; name = Base; path = Base.lproj/Main.storyboard; sourceTree = "<group>"; };
		1F3881652EF9784000DA7724 /* SceneDelegate.swift */ = {isa = PBXFileReference; lastKnownFileType = sourcecode.swift; path = SceneDelegate.swift; sourceTree = "<group>"; };
		1F3881662EF9784000DA7724 /* ViewController.swift */ = {isa = PBXFileReference; lastKnownFileType = sourcecode.swift; path = ViewController.swift; sourceTree = "<group>"; };
		1F3881722EF9785800DA7724 /* JsonParser.swift */ = {isa = PBXFileReference; lastKnownFileType = sourcecode.swift; path = JsonParser.swift; sourceTree = "<group>"; };
		B9D961462F8F6B0E00B540DA /* QSJsonParserWatch.app */ = {isa = PBXFileReference; explicitFileType = wrapper.application; includeInIndex = 0; path = QSJsonParserWatch.app; sourceTree = BUILT_PRODUCTS_DIR; };
		B9D9614B2F8F6B0E00B540DA /* QSJsonParserWatch Watch App.app */ = {isa = PBXFileReference; explicitFileType = wrapper.application; includeInIndex = 0; path = "QSJsonParserWatch Watch App.app"; sourceTree = BUILT_PRODUCTS_DIR; };
/* End PBXFileReference section */

/* Begin PBXFileSystemSynchronizedRootGroup section */
		B9D9614F2F8F6B0E00B540DA /* QSJsonParserWatch Watch App */ = {
			isa = PBXFileSystemSynchronizedRootGroup;
			path = "QSJsonParserWatch Watch App";
			sourceTree = "<group>";
		};
/* End PBXFileSystemSynchronizedRootGroup section */

/* Begin PBXFrameworksBuildPhase section */
		1F3881432EF9782F00DA7724 /* Frameworks */ = {
			isa = PBXFrameworksBuildPhase;
			buildActionMask = 2147483647;
			files = (
			);
			runOnlyForDeploymentPostprocessing = 0;
		};
		B9D961482F8F6B0E00B540DA /* Frameworks */ = {
			isa = PBXFrameworksBuildPhase;
			buildActionMask = 2147483647;
			files = (
			);
			runOnlyForDeploymentPostprocessing = 0;
		};
/* End PBXFrameworksBuildPhase section */

/* Begin PBXGroup section */
		1F38813D2EF9782F00DA7724 = {
			isa = PBXGroup;
			children = (
				1F3881672EF9784000DA7724 /* QSJsonParser */,
				B9D9614F2F8F6B0E00B540DA /* QSJsonParserWatch Watch App */,
				1F3881472EF9782F00DA7724 /* Products */,
			);
			sourceTree = "<group>";
		};
		1F3881472EF9782F00DA7724 /* Products */ = {
			isa = PBXGroup;
			children = (
				1F3881462EF9782F00DA7724 /* QSJsonParser.app */,
				B9D961462F8F6B0E00B540DA /* QSJsonParserWatch.app */,
				B9D9614B2F8F6B0E00B540DA /* QSJsonParserWatch Watch App.app */,
			);
			name = Products;
			sourceTree = "<group>";
		};
		1F3881672EF9784000DA7724 /* QSJsonParser */ = {
			isa = PBXGroup;
			children = (
				1F3881732EF9785800DA7724 /* Tool */,
				1F38815E2EF9784000DA7724 /* AppDelegate.swift */,
				1F38815F2EF9784000DA7724 /* Assets.xcassets */,
				1F3881602EF9784000DA7724 /* Info.plist */,
				1F3881622EF9784000DA7724 /* LaunchScreen.storyboard */,
				1F3881642EF9784000DA7724 /* Main.storyboard */,
				1F3881652EF9784000DA7724 /* SceneDelegate.swift */,
				1F3881662EF9784000DA7724 /* ViewController.swift */,
			);
			path = QSJsonParser;
			sourceTree = "<group>";
		};
		1F3881732EF9785800DA7724 /* Tool */ = {
			isa = PBXGroup;
			children = (
				1F3881722EF9785800DA7724 /* JsonParser.swift */,
			);
			path = Tool;
			sourceTree = "<group>";
		};
/* End PBXGroup section */

/* Begin PBXNativeTarget section */
		1F3881452EF9782F00DA7724 /* QSJsonParser */ = {
			isa = PBXNativeTarget;
			buildConfigurationList = 1F3881592EF9783000DA7724 /* Build configuration list for PBXNativeTarget "QSJsonParser" */;
			buildPhases = (
				1F3881422EF9782F00DA7724 /* Sources */,
				1F3881432EF9782F00DA7724 /* Frameworks */,
				1F3881442EF9782F00DA7724 /* Resources */,
			);
			buildRules = (
			);
			dependencies = (
			);
			name = QSJsonParser;
			packageProductDependencies = (
			);
			productName = QSJsonParser;
			productReference = 1F3881462EF9782F00DA7724 /* QSJsonParser.app */;
			productType = "com.apple.product-type.application";
		};
		B9D961452F8F6B0E00B540DA /* QSJsonParserWatch */ = {
			isa = PBXNativeTarget;
			buildConfigurationList = B9D9615A2F8F6B1000B540DA /* Build configuration list for PBXNativeTarget "QSJsonParserWatch" */;
			buildPhases = (
				B9D961442F8F6B0E00B540DA /* Resources */,
				B9D961592F8F6B1000B540DA /* Embed Watch Content */,
			);
			buildRules = (
			);
			dependencies = (
				B9D9614E2F8F6B0E00B540DA /* PBXTargetDependency */,
			);
			name = QSJsonParserWatch;
			packageProductDependencies = (
			);
			productName = QSJsonParserWatch;
			productReference = B9D961462F8F6B0E00B540DA /* QSJsonParserWatch.app */;
			productType = "com.apple.product-type.application.watchapp2-container";
		};
		B9D9614A2F8F6B0E00B540DA /* QSJsonParserWatch Watch App */ = {
			isa = PBXNativeTarget;
			buildConfigurationList = B9D961562F8F6B1000B540DA /* Build configuration list for PBXNativeTarget "QSJsonParserWatch Watch App" */;
			buildPhases = (
				B9D961472F8F6B0E00B540DA /* Sources */,
				B9D961482F8F6B0E00B540DA /* Frameworks */,
				B9D961492F8F6B0E00B540DA /* Resources */,
			);
			buildRules = (
			);
			dependencies = (
			);
			fileSystemSynchronizedGroups = (
				B9D9614F2F8F6B0E00B540DA /* QSJsonParserWatch Watch App */,
			);
			name = "QSJsonParserWatch Watch App";
			packageProductDependencies = (
			);
			productName = "QSJsonParserWatch Watch App";
			productReference = B9D9614B2F8F6B0E00B540DA /* QSJsonParserWatch Watch App.app */;
			productType = "com.apple.product-type.application";
		};
/* End PBXNativeTarget section */

/* Begin PBXProject section */
		1F38813E2EF9782F00DA7724 /* Project object */ = {
			isa = PBXProject;
			attributes = {
				BuildIndependentTargetsInParallel = 1;
				LastSwiftUpdateCheck = 2640;
				LastUpgradeCheck = 1620;
				TargetAttributes = {
					1F3881452EF9782F00DA7724 = {
						CreatedOnToolsVersion = 16.2;
					};
					B9D961452F8F6B0E00B540DA = {
						CreatedOnToolsVersion = 26.4;
					};
					B9D9614A2F8F6B0E00B540DA = {
						CreatedOnToolsVersion = 26.4;
					};
				};
			};
			buildConfigurationList = 1F3881412EF9782F00DA7724 /* Build configuration list for PBXProject "QSJsonParser" */;
			developmentRegion = en;
			hasScannedForEncodings = 0;
			knownRegions = (
				en,
				Base,
			);
			mainGroup = 1F38813D2EF9782F00DA7724;
			minimizedProjectReferenceProxies = 1;
			preferredProjectObjectVersion = 77;
			productRefGroup = 1F3881472EF9782F00DA7724 /* Products */;
			projectDirPath = "";
			projectRoot = "";
			targets = (
				1F3881452EF9782F00DA7724 /* QSJsonParser */,
				B9D961452F8F6B0E00B540DA /* QSJsonParserWatch */,
				B9D9614A2F8F6B0E00B540DA /* QSJsonParserWatch Watch App */,
			);
		};
/* End PBXProject section */

/* Begin PBXResourcesBuildPhase section */
		1F3881442EF9782F00DA7724 /* Resources */ = {
			isa = PBXResourcesBuildPhase;
			buildActionMask = 2147483647;
			files = (
				1F3881682EF9784000DA7724 /* Assets.xcassets in Resources */,
				1F38816A2EF9784000DA7724 /* LaunchScreen.storyboard in Resources */,
				1F38816B2EF9784000DA7724 /* Main.storyboard in Resources */,
			);
			runOnlyForDeploymentPostprocessing = 0;
		};
		B9D961442F8F6B0E00B540DA /* Resources */ = {
			isa = PBXResourcesBuildPhase;
			buildActionMask = 2147483647;
			files = (
			);
			runOnlyForDeploymentPostprocessing = 0;
		};
		B9D961492F8F6B0E00B540DA /* Resources */ = {
			isa = PBXResourcesBuildPhase;
			buildActionMask = 2147483647;
			files = (
			);
			runOnlyForDeploymentPostprocessing = 0;
		};
/* End PBXResourcesBuildPhase section */

/* Begin PBXSourcesBuildPhase section */
		1F3881422EF9782F00DA7724 /* Sources */ = {
			isa = PBXSourcesBuildPhase;
			buildActionMask = 2147483647;
			files = (
				1F38816C2EF9784000DA7724 /* AppDelegate.swift in Sources */,
				1F38816D2EF9784000DA7724 /* SceneDelegate.swift in Sources */,
				1F3881742EF9785800DA7724 /* JsonParser.swift in Sources */,
				1F38816E2EF9784000DA7724 /* ViewController.swift in Sources */,
			);
			runOnlyForDeploymentPostprocessing = 0;
		};
		B9D961472F8F6B0E00B540DA /* Sources */ = {
			isa = PBXSourcesBuildPhase;
			buildActionMask = 2147483647;
			files = (
			);
			runOnlyForDeploymentPostprocessing = 0;
		};
/* End PBXSourcesBuildPhase section */

/* Begin PBXTargetDependency section */
		B9D9614E2F8F6B0E00B540DA /* PBXTargetDependency */ = {
			isa = PBXTargetDependency;
			target = B9D9614A2F8F6B0E00B540DA /* QSJsonParserWatch Watch App */;
			targetProxy = B9D9614D2F8F6B0E00B540DA /* PBXContainerItemProxy */;
		};
/* End PBXTargetDependency section */

/* Begin PBXVariantGroup section */
		1F3881622EF9784000DA7724 /* LaunchScreen.storyboard */ = {
			isa = PBXVariantGroup;
			children = (
				1F3881612EF9784000DA7724 /* Base */,
			);
			name = LaunchScreen.storyboard;
			sourceTree = "<group>";
		};
		1F3881642EF9784000DA7724 /* Main.storyboard */ = {
			isa = PBXVariantGroup;
			children = (
				1F3881632EF9784000DA7724 /* Base */,
			);
			name = Main.storyboard;
			sourceTree = "<group>";
		};
/* End PBXVariantGroup section */

/* Begin XCBuildConfiguration section */
		1F38815A2EF9783000DA7724 /* Debug */ = {
			isa = XCBuildConfiguration;
			buildSettings = {
				ASSETCATALOG_COMPILER_APPICON_NAME = AppIcon;
				ASSETCATALOG_COMPILER_GLOBAL_ACCENT_COLOR_NAME = AccentColor;
				CODE_SIGN_STYLE = Automatic;
				CURRENT_PROJECT_VERSION = 1;
				DEVELOPMENT_TEAM = X8PB93M4JK;
				GENERATE_INFOPLIST_FILE = YES;
				INFOPLIST_FILE = QSJsonParser/Info.plist;
				INFOPLIST_KEY_UIApplicationSupportsIndirectInputEvents = YES;
				INFOPLIST_KEY_UILaunchStoryboardName = LaunchScreen;
				INFOPLIST_KEY_UIMainStoryboardFile = Main;
				INFOPLIST_KEY_UISupportedInterfaceOrientations_iPad = "UIInterfaceOrientationPortrait UIInterfaceOrientationPortraitUpsideDown UIInterfaceOrientationLandscapeLeft UIInterfaceOrientationLandscapeRight";
				INFOPLIST_KEY_UISupportedInterfaceOrientations_iPhone = "UIInterfaceOrientationPortrait UIInterfaceOrientationLandscapeLeft UIInterfaceOrientationLandscapeRight";
				IPHONEOS_DEPLOYMENT_TARGET = 15.0;
				LD_RUNPATH_SEARCH_PATHS = (
					"$(inherited)",
					"@executable_path/Frameworks",
				);
				MARKETING_VERSION = 1.0.1;
				PRODUCT_BUNDLE_IDENTIFIER = com.wa.QSJsonParser;
				PRODUCT_NAME = "$(TARGET_NAME)";
				SWIFT_EMIT_LOC_STRINGS = YES;
				SWIFT_VERSION = 5.0;
				TARGETED_DEVICE_FAMILY = "1,2";
			};
			name = Debug;
		};
		1F38815B2EF9783000DA7724 /* Release */ = {
			isa = XCBuildConfiguration;
			buildSettings = {
				ASSETCATALOG_COMPILER_APPICON_NAME = AppIcon;
				ASSETCATALOG_COMPILER_GLOBAL_ACCENT_COLOR_NAME = AccentColor;
				CODE_SIGN_STYLE = Automatic;
				CURRENT_PROJECT_VERSION = 1;
				DEVELOPMENT_TEAM = X8PB93M4JK;
				GENERATE_INFOPLIST_FILE = YES;
				INFOPLIST_FILE = QSJsonParser/Info.plist;
				INFOPLIST_KEY_UIApplicationSupportsIndirectInputEvents = YES;
				INFOPLIST_KEY_UILaunchStoryboardName = LaunchScreen;
				INFOPLIST_KEY_UIMainStoryboardFile = Main;
				INFOPLIST_KEY_UISupportedInterfaceOrientations_iPad = "UIInterfaceOrientationPortrait UIInterfaceOrientationPortraitUpsideDown UIInterfaceOrientationLandscapeLeft UIInterfaceOrientationLandscapeRight";
				INFOPLIST_KEY_UISupportedInterfaceOrientations_iPhone = "UIInterfaceOrientationPortrait UIInterfaceOrientationLandscapeLeft UIInterfaceOrientationLandscapeRight";
				IPHONEOS_DEPLOYMENT_TARGET = 15.0;
				LD_RUNPATH_SEARCH_PATHS = (
					"$(inherited)",
					"@executable_path/Frameworks",
				);
				MARKETING_VERSION = 1.0.1;
				PRODUCT_BUNDLE_IDENTIFIER = com.wa.QSJsonParser;
				PRODUCT_NAME = "$(TARGET_NAME)";
				SWIFT_EMIT_LOC_STRINGS = YES;
				SWIFT_VERSION = 5.0;
				TARGETED_DEVICE_FAMILY = "1,2";
			};
			name = Release;
		};
		1F38815C2EF9783000DA7724 /* Debug */ = {
			isa = XCBuildConfiguration;
			buildSettings = {
				ALWAYS_SEARCH_USER_PATHS = NO;
				ASSETCATALOG_COMPILER_GENERATE_SWIFT_ASSET_SYMBOL_EXTENSIONS = YES;
				CLANG_ANALYZER_NONNULL = YES;
				CLANG_ANALYZER_NUMBER_OBJECT_CONVERSION = YES_AGGRESSIVE;
				CLANG_CXX_LANGUAGE_STANDARD = "gnu++20";
				CLANG_ENABLE_MODULES = YES;
				CLANG_ENABLE_OBJC_ARC = YES;
				CLANG_ENABLE_OBJC_WEAK = YES;
				CLANG_WARN_BLOCK_CAPTURE_AUTORELEASING = YES;
				CLANG_WARN_BOOL_CONVERSION = YES;
				CLANG_WARN_COMMA = YES;
				CLANG_WARN_CONSTANT_CONVERSION = YES;
				CLANG_WARN_DEPRECATED_OBJC_IMPLEMENTATIONS = YES;
				CLANG_WARN_DIRECT_OBJC_ISA_USAGE = YES_ERROR;
				CLANG_WARN_DOCUMENTATION_COMMENTS = YES;
				CLANG_WARN_EMPTY_BODY = YES;
				CLANG_WARN_ENUM_CONVERSION = YES;
				CLANG_WARN_INFINITE_RECURSION = YES;
				CLANG_WARN_INT_CONVERSION = YES;
				CLANG_WARN_NON_LITERAL_NULL_CONVERSION = YES;
				CLANG_WARN_OBJC_IMPLICIT_RETAIN_SELF = YES;
				CLANG_WARN_OBJC_LITERAL_CONVERSION = YES;
				CLANG_WARN_OBJC_ROOT_CLASS = YES_ERROR;
				CLANG_WARN_QUOTED_INCLUDE_IN_FRAMEWORK_HEADER = YES;
				CLANG_WARN_RANGE_LOOP_ANALYSIS = YES;
				CLANG_WARN_STRICT_PROTOTYPES = YES;
				CLANG_WARN_SUSPICIOUS_MOVE = YES;
				CLANG_WARN_UNGUARDED_AVAILABILITY = YES_AGGRESSIVE;
				CLANG_WARN_UNREACHABLE_CODE = YES;
				CLANG_WARN__DUPLICATE_METHOD_MATCH = YES;
				COPY_PHASE_STRIP = NO;
				DEBUG_INFORMATION_FORMAT = dwarf;
				ENABLE_STRICT_OBJC_MSGSEND = YES;
				ENABLE_TESTABILITY = YES;
				ENABLE_USER_SCRIPT_SANDBOXING = YES;
				GCC_C_LANGUAGE_STANDARD = gnu17;
				GCC_DYNAMIC_NO_PIC = NO;
				GCC_NO_COMMON_BLOCKS = YES;
				GCC_OPTIMIZATION_LEVEL = 0;
				GCC_PREPROCESSOR_DEFINITIONS = (
					"DEBUG=1",
					"$(inherited)",
				);
				GCC_WARN_64_TO_32_BIT_CONVERSION = YES;
				GCC_WARN_ABOUT_RETURN_TYPE = YES_ERROR;
				GCC_WARN_UNDECLARED_SELECTOR = YES;
				GCC_WARN_UNINITIALIZED_AUTOS = YES_AGGRESSIVE;
				GCC_WARN_UNUSED_FUNCTION = YES;
				GCC_WARN_UNUSED_VARIABLE = YES;
				IPHONEOS_DEPLOYMENT_TARGET = 18.2;
				LOCALIZATION_PREFERS_STRING_CATALOGS = YES;
				MTL_ENABLE_DEBUG_INFO = INCLUDE_SOURCE;
				MTL_FAST_MATH = YES;
				ONLY_ACTIVE_ARCH = YES;
				SDKROOT = iphoneos;
				SWIFT_ACTIVE_COMPILATION_CONDITIONS = "DEBUG $(inherited)";
				SWIFT_OPTIMIZATION_LEVEL = "-Onone";
			};
			name = Debug;
		};
		1F38815D2EF9783000DA7724 /* Release */ = {
			isa = XCBuildConfiguration;
			buildSettings = {
				ALWAYS_SEARCH_USER_PATHS = NO;
				ASSETCATALOG_COMPILER_GENERATE_SWIFT_ASSET_SYMBOL_EXTENSIONS = YES;
				CLANG_ANALYZER_NONNULL = YES;
				CLANG_ANALYZER_NUMBER_OBJECT_CONVERSION = YES_AGGRESSIVE;
				CLANG_CXX_LANGUAGE_STANDARD = "gnu++20";
				CLANG_ENABLE_MODULES = YES;
				CLANG_ENABLE_OBJC_ARC = YES;
				CLANG_ENABLE_OBJC_WEAK = YES;
				CLANG_WARN_BLOCK_CAPTURE_AUTORELEASING = YES;
				CLANG_WARN_BOOL_CONVERSION = YES;
				CLANG_WARN_COMMA = YES;
				CLANG_WARN_CONSTANT_CONVERSION = YES;
				CLANG_WARN_DEPRECATED_OBJC_IMPLEMENTATIONS = YES;
				CLANG_WARN_DIRECT_OBJC_ISA_USAGE = YES_ERROR;
				CLANG_WARN_DOCUMENTATION_COMMENTS = YES;
				CLANG_WARN_EMPTY_BODY = YES;
				CLANG_WARN_ENUM_CONVERSION = YES;
				CLANG_WARN_INFINITE_RECURSION = YES;
				CLANG_WARN_INT_CONVERSION = YES;
				CLANG_WARN_NON_LITERAL_NULL_CONVERSION = YES;
				CLANG_WARN_OBJC_IMPLICIT_RETAIN_SELF = YES;
				CLANG_WARN_OBJC_LITERAL_CONVERSION = YES;
				CLANG_WARN_OBJC_ROOT_CLASS = YES_ERROR;
				CLANG_WARN_QUOTED_INCLUDE_IN_FRAMEWORK_HEADER = YES;
				CLANG_WARN_RANGE_LOOP_ANALYSIS = YES;
				CLANG_WARN_STRICT_PROTOTYPES = YES;
				CLANG_WARN_SUSPICIOUS_MOVE = YES;
				CLANG_WARN_UNGUARDED_AVAILABILITY = YES_AGGRESSIVE;
				CLANG_WARN_UNREACHABLE_CODE = YES;
				CLANG_WARN__DUPLICATE_METHOD_MATCH = YES;
				COPY_PHASE_STRIP = NO;
				DEBUG_INFORMATION_FORMAT = "dwarf-with-dsym";
				ENABLE_NS_ASSERTIONS = NO;
				ENABLE_STRICT_OBJC_MSGSEND = YES;
				ENABLE_USER_SCRIPT_SANDBOXING = YES;
				GCC_C_LANGUAGE_STANDARD = gnu17;
				GCC_NO_COMMON_BLOCKS = YES;
				GCC_WARN_64_TO_32_BIT_CONVERSION = YES;
				GCC_WARN_ABOUT_RETURN_TYPE = YES_ERROR;
				GCC_WARN_UNDECLARED_SELECTOR = YES;
				GCC_WARN_UNINITIALIZED_AUTOS = YES_AGGRESSIVE;
				GCC_WARN_UNUSED_FUNCTION = YES;
				GCC_WARN_UNUSED_VARIABLE = YES;
				IPHONEOS_DEPLOYMENT_TARGET = 18.2;
				LOCALIZATION_PREFERS_STRING_CATALOGS = YES;
				MTL_ENABLE_DEBUG_INFO = NO;
				MTL_FAST_MATH = YES;
				SDKROOT = iphoneos;
				SWIFT_COMPILATION_MODE = wholemodule;
				VALIDATE_PRODUCT = YES;
			};
			name = Release;
		};
		B9D961572F8F6B1000B540DA /* Debug */ = {
			isa = XCBuildConfiguration;
			buildSettings = {
				ASSETCATALOG_COMPILER_APPICON_NAME = AppIcon;
				ASSETCATALOG_COMPILER_GLOBAL_ACCENT_COLOR_NAME = AccentColor;
				CODE_SIGN_STYLE = Automatic;
				CURRENT_PROJECT_VERSION = 1;
				ENABLE_PREVIEWS = YES;
				GENERATE_INFOPLIST_FILE = YES;
				INFOPLIST_KEY_CFBundleDisplayName = QSJsonParserWatch;
				INFOPLIST_KEY_UISupportedInterfaceOrientations = "UIInterfaceOrientationPortrait UIInterfaceOrientationPortraitUpsideDown";
				INFOPLIST_KEY_WKWatchOnly = YES;
				LD_RUNPATH_SEARCH_PATHS = (
					"$(inherited)",
					"@executable_path/Frameworks",
				);
				MARKETING_VERSION = 1.0;
				PRODUCT_BUNDLE_IDENTIFIER = sfd.QSJsonParserWatch.watchkitapp;
				PRODUCT_NAME = "$(TARGET_NAME)";
				SDKROOT = watchos;
				SKIP_INSTALL = YES;
				STRING_CATALOG_GENERATE_SYMBOLS = YES;
				SWIFT_APPROACHABLE_CONCURRENCY = YES;
				SWIFT_DEFAULT_ACTOR_ISOLATION = MainActor;
				SWIFT_EMIT_LOC_STRINGS = YES;
				SWIFT_UPCOMING_FEATURE_MEMBER_IMPORT_VISIBILITY = YES;
				SWIFT_VERSION = 5.0;
				TARGETED_DEVICE_FAMILY = 4;
				WATCHOS_DEPLOYMENT_TARGET = 26.4;
			};
			name = Debug;
		};
		B9D961582F8F6B1000B540DA /* Release */ = {
			isa = XCBuildConfiguration;
			buildSettings = {
				ASSETCATALOG_COMPILER_APPICON_NAME = AppIcon;
				ASSETCATALOG_COMPILER_GLOBAL_ACCENT_COLOR_NAME = AccentColor;
				CODE_SIGN_STYLE = Automatic;
				CURRENT_PROJECT_VERSION = 1;
				ENABLE_PREVIEWS = YES;
				GENERATE_INFOPLIST_FILE = YES;
				INFOPLIST_KEY_CFBundleDisplayName = QSJsonParserWatch;
				INFOPLIST_KEY_UISupportedInterfaceOrientations = "UIInterfaceOrientationPortrait UIInterfaceOrientationPortraitUpsideDown";
				INFOPLIST_KEY_WKWatchOnly = YES;
				LD_RUNPATH_SEARCH_PATHS = (
					"$(inherited)",
					"@executable_path/Frameworks",
				);
				MARKETING_VERSION = 1.0;
				PRODUCT_BUNDLE_IDENTIFIER = sfd.QSJsonParserWatch.watchkitapp;
				PRODUCT_NAME = "$(TARGET_NAME)";
				SDKROOT = watchos;
				SKIP_INSTALL = YES;
				STRING_CATALOG_GENERATE_SYMBOLS = YES;
				SWIFT_APPROACHABLE_CONCURRENCY = YES;
				SWIFT_DEFAULT_ACTOR_ISOLATION = MainActor;
				SWIFT_EMIT_LOC_STRINGS = YES;
				SWIFT_UPCOMING_FEATURE_MEMBER_IMPORT_VISIBILITY = YES;
				SWIFT_VERSION = 5.0;
				TARGETED_DEVICE_FAMILY = 4;
				WATCHOS_DEPLOYMENT_TARGET = 26.4;
			};
			name = Release;
		};
		B9D9615B2F8F6B1000B540DA /* Debug */ = {
			isa = XCBuildConfiguration;
			buildSettings = {
				CODE_SIGN_STYLE = Automatic;
				CURRENT_PROJECT_VERSION = 1;
				INFOPLIST_KEY_CFBundleDisplayName = QSJsonParserWatch;
				MARKETING_VERSION = 1.0;
				PRODUCT_BUNDLE_IDENTIFIER = sfd.QSJsonParserWatch;
				PRODUCT_NAME = "$(TARGET_NAME)";
				SWIFT_APPROACHABLE_CONCURRENCY = YES;
				SWIFT_UPCOMING_FEATURE_MEMBER_IMPORT_VISIBILITY = YES;
				SWIFT_VERSION = 5.0;
			};
			name = Debug;
		};
		B9D9615C2F8F6B1000B540DA /* Release */ = {
			isa = XCBuildConfiguration;
			buildSettings = {
				CODE_SIGN_STYLE = Automatic;
				CURRENT_PROJECT_VERSION = 1;
				INFOPLIST_KEY_CFBundleDisplayName = QSJsonParserWatch;
				MARKETING_VERSION = 1.0;
				PRODUCT_BUNDLE_IDENTIFIER = sfd.QSJsonParserWatch;
				PRODUCT_NAME = "$(TARGET_NAME)";
				SWIFT_APPROACHABLE_CONCURRENCY = YES;
				SWIFT_UPCOMING_FEATURE_MEMBER_IMPORT_VISIBILITY = YES;
				SWIFT_VERSION = 5.0;
			};
			name = Release;
		};
/* End XCBuildConfiguration section */

/* Begin XCConfigurationList section */
		1F3881412EF9782F00DA7724 /* Build configuration list for PBXProject "QSJsonParser" */ = {
			isa = XCConfigurationList;
			buildConfigurations = (
				1F38815C2EF9783000DA7724 /* Debug */,
				1F38815D2EF9783000DA7724 /* Release */,
			);
			defaultConfigurationIsVisible = 0;
			defaultConfigurationName = Release;
		};
		1F3881592EF9783000DA7724 /* Build configuration list for PBXNativeTarget "QSJsonParser" */ = {
			isa = XCConfigurationList;
			buildConfigurations = (
				1F38815A2EF9783000DA7724 /* Debug */,
				1F38815B2EF9783000DA7724 /* Release */,
			);
			defaultConfigurationIsVisible = 0;
			defaultConfigurationName = Release;
		};
		B9D961562F8F6B1000B540DA /* Build configuration list for PBXNativeTarget "QSJsonParserWatch Watch App" */ = {
			isa = XCConfigurationList;
			buildConfigurations = (
				B9D961572F8F6B1000B540DA /* Debug */,
				B9D961582F8F6B1000B540DA /* Release */,
			);
			defaultConfigurationIsVisible = 0;
			defaultConfigurationName = Release;
		};
		B9D9615A2F8F6B1000B540DA /* Build configuration list for PBXNativeTarget "QSJsonParserWatch" */ = {
			isa = XCConfigurationList;
			buildConfigurations = (
				B9D9615B2F8F6B1000B540DA /* Debug */,
				B9D9615C2F8F6B1000B540DA /* Release */,
			);
			defaultConfigurationIsVisible = 0;
			defaultConfigurationName = Release;
		};
/* End XCConfigurationList section */
	};
	rootObject = 1F38813E2EF9782F00DA7724 /* Project object */;
}
